
Microsoft Visual Studio Solution File, Format Version 12.00
# Visual Studio Version 16
VisualStudioVersion = 16.0.31321.278
MinimumVisualStudioVersion = 10.0.40219.1
Project("{9A19103F-16F7-4668-BE54-9A1E7A4F7556}") = "6", "6\6.csproj", "{EFB2D57C-D1D8-400D-A695-72849C9508B2}"
EndProject
Project("{2150E333-8FDC-42A3-9474-1A3956D46DE8}") = "Solution Items", "Solution Items", "{F2B59663-BF7D-41DA-8708-1935FA5EE8F2}"
	ProjectSection(SolutionItems) = preProject
		..\..\..\Desktop\OpenTK.dll = ..\..\..\Desktop\OpenTK.dll
	EndProjectSection
EndProject
Global
	GlobalSection(SolutionConfigurationPlatforms) = preSolution
		Debug|Any CPU = Debug|Any CPU
		Release|Any CPU = Release|Any CPU
	EndGlobalSection
	GlobalSection(ProjectConfigurationPlatforms) = postSolution
		{EFB2D57C-D1D8-400D-A695-72849C9508B2}.Debug|Any CPU.ActiveCfg = Debug|Any CPU
		{EFB2D57C-D1D8-400D-A695-72849C9508B2}.Debug|Any CPU.Build.0 = Debug|Any CPU
		{EFB2D57C-D1D8-400D-A695-72849C9508B2}.Release|Any CPU.ActiveCfg = Release|Any CPU
		{EFB2D57C-D1D8-400D-A695-72849C9508B2}.Release|Any CPU.Build.0 = Release|Any CPU
	EndGlobalSection
	GlobalSection(SolutionProperties) = preSolution
		HideSolutionNode = FALSE
	EndGlobalSection
	GlobalSection(ExtensibilityGlobals) = postSolution
		SolutionGuid = {EF2CFDA0-54ED-4BDA-815C-C08C2CA1709E}
	EndGlobalSection
EndGlobal
